// !$*UTF8*$!
{
	archiveVersion = 1;
	classes = {
	};
	objectVersion = 46;
	objects = {

/* Begin PBXBuildFile section */
		1A8518691C4EE67F0002172F /* main.cpp in Sources */ = {isa = PBXBuildFile; fileRef = 1A8518681C4EE67F0002172F /* main.cpp */; };
		1A8518701C4EE6AA0002172F /* OpenGL.framework in Frameworks */ = {isa = PBXBuildFile; fileRef = 1A85186F1C4EE6AA0002172F /* OpenGL.framework */; };
		1A8518721C4EE6B10002172F /* GLUT.framework in Frameworks */ = {isa = PBXBuildFile; fileRef = 1A8518711C4EE6B10002172F /* GLUT.framework */; };
/* End PBXBuildFile section */

/* Begin PBXCopyFilesBuildPhase section */
		1A8518631C4EE67F0002172F /* CopyFiles */ = {
			isa = PBXCopyFilesBuildPhase;
			buildActionMask = 2147483647;
			dstPath = /usr/share/man/man1/;
			dstSubfolderSpec = 0;
			files = (
			);
			runOnlyForDeploymentPostprocessing = 1;
		};
/* End PBXCopyFilesBuildPhase section */

/* Begin PBXFileReference section */
		1A8518651C4EE67F0002172F /* Actividad1 */ = {isa = PBXFileReference; explicitFileType = "compiled.mach-o.executable"; includeInIndex = 0; path = Actividad1; sourceTree = BUILT_PRODUCTS_DIR; };
		1A8518681C4EE67F0002172F /* main.cpp */ = {isa = PBXFileReference; lastKnownFileType = sourcecode.cpp.cpp; path = main.cpp; sourceTree = "<group>"; };
		1A85186F1C4EE6AA0002172F /* OpenGL.framework */ = {isa = PBXFileReference; lastKnownFileType = wrapper.framework; name = OpenGL.framework; path = System/Library/Frameworks/OpenGL.framework; sourceTree = SDKROOT; };
		1A8518711C4EE6B10002172F /* GLUT.framework */ = {isa = PBXFileReference; lastKnownFileType = wrapper.framework; name = GLUT.framework; path = System/Library/Frameworks/GLUT.framework; sourceTree = SDKROOT; };
/* End PBXFileReference section */

/* Begin PBXFrameworksBuildPhase section */
		1A8518621C4EE67F0002172F /* Frameworks */ = {
			isa = PBXFrameworksBuildPhase;
			buildActionMask = 2147483647;
			files = (
				1A8518721C4EE6B10002172F /* GLUT.framework in Frameworks */,
				1A8518701C4EE6AA0002172F /* OpenGL.framework in Frameworks */,
			);
			runOnlyForDeploymentPostprocessing = 0;
		};
/* End PBXFrameworksBuildPhase section */

/* Begin PBXGroup section */
		1A85185C1C4EE67F0002172F = {
			isa = PBXGroup;
			children = (
				1A8518711C4EE6B10002172F /* GLUT.framework */,
				1A85186F1C4EE6AA0002172F /* OpenGL.framework */,
				1A8518671C4EE67F0002172F /* Actividad1 */,
				1A8518661C4EE67F0002172F /* Products */,
			);
			sourceTree = "<group>";
		};
		1A8518661C4EE67F0002172F /* Products */ = {
			isa = PBXGroup;
			children = (
				1A8518651C4EE67F0002172F /* Actividad1 */,
			);
			name = Products;
			sourceTree = "<group>";
		};
		1A8518671C4EE67F0002172F /* Actividad1 */ = {
			isa = PBXGroup;
			children = (
				1A8518681C4EE67F0002172F /* main.cpp */,
			);
			path = Actividad1;
			sourceTree = "<group>";
		};
/* End PBXGroup section */

/* Begin PBXNativeTarget section */
		1A8518641C4EE67F0002172F /* Actividad1 */ = {
			isa = PBXNativeTarget;
			buildConfigurationList = 1A85186C1C4EE67F0002172F /* Build configuration list for PBXNativeTarget "Actividad1" */;
			buildPhases = (
				1A8518611C4EE67F0002172F /* Sources */,
				1A8518621C4EE67F0002172F /* Frameworks */,
				1A8518631C4EE67F0002172F /* CopyFiles */,
			);
			buildRules = (
			);
			dependencies = (
			);
			name = Actividad1;
			productName = Actividad1;
			productReference = 1A8518651C4EE67F0002172F /* Actividad1 */;
			productType = "com.apple.product-type.tool";
		};
/* End PBXNativeTarget section */

/* Begin PBXProject section */
		1A85185D1C4EE67F0002172F /* Project object */ = {
			isa = PBXProject;
			attributes = {
				LastUpgradeCheck = 0720;
				ORGANIZATIONNAME = OmarCarreon;
				TargetAttributes = {
					1A8518641C4EE67F0002172F = {
						CreatedOnToolsVersion = 7.2;
					};
				};
			};
			buildConfigurationList = 1A8518601C4EE67F0002172F /* Build configuration list for PBXProject "Actividad1" */;
			compatibilityVersion = "Xcode 3.2";
			developmentRegion = English;
			hasScannedForEncodings = 0;
			knownRegions = (
				en,
			);
			mainGroup = 1A85185C1C4EE67F0002172F;
			productRefGroup = 1A8518661C4EE67F0002172F /* Products */;
			projectDirPath = "";
			projectRoot = "";
			targets = (
				1A8518641C4EE67F0002172F /* Actividad1 */,
			);
		};
/* End PBXProject section */

/* Begin PBXSourcesBuildPhase section */
		1A8518611C4EE67F0002172F /* Sources */ = {
			isa = PBXSourcesBuildPhase;
			buildActionMask = 2147483647;
			files = (
				1A8518691C4EE67F0002172F /* main.cpp in Sources */,
			);
			runOnlyForDeploymentPostprocessing = 0;
		};
/* End PBXSourcesBuildPhase section */

/* Begin XCBuildConfiguration section */
		1A85186A1C4EE67F0002172F /* Debug */ = {
			isa = XCBuildConfiguration;
			buildSettings = {
				ALWAYS_SEARCH_USER_PATHS = NO;
				CLANG_CXX_LANGUAGE_STANDARD = "gnu++0x";
				CLANG_CXX_LIBRARY = "libc++";
				CLANG_ENABLE_MODULES = YES;
				CLANG_ENABLE_OBJC_ARC = YES;
				CLANG_WARN_BOOL_CONVERSION = YES;
				CLANG_WARN_CONSTANT_CONVERSION = YES;
				CLANG_WARN_DIRECT_OBJC_ISA_USAGE = YES_ERROR;
				CLANG_WARN_EMPTY_BODY = YES;
				CLANG_WARN_ENUM_CONVERSION = YES;
				CLANG_WARN_INT_CONVERSION = YES;
				CLANG_WARN_OBJC_ROOT_CLASS = YES_ERROR;
				CLANG_WARN_UNREACHABLE_CODE = YES;
				CLANG_WARN__DUPLICATE_METHOD_MATCH = YES;
				CODE_SIGN_IDENTITY = "-";
				COPY_PHASE_STRIP = NO;
				DEBUG_INFORMATION_FORMAT = dwarf;
				ENABLE_STRICT_OBJC_MSGSEND = YES;
				ENABLE_TESTABILITY = YES;
				GCC_C_LANGUAGE_STANDARD = gnu99;
				GCC_DYNAMIC_NO_PIC = NO;
				GCC_NO_COMMON_BLOCKS = YES;
				GCC_OPTIMIZATION_LEVEL = 0;
				GCC_PREPROCESSOR_DEFINITIONS = (
					"DEBUG=1",
					"$(inherited)",
				);
				GCC_WARN_64_TO_32_BIT_CONVERSION = YES;
				GCC_WARN_ABOUT_RETURN_TYPE = YES_ERROR;
				GCC_WARN_UNDECLARED_SELECTOR = YES;
				GCC_WARN_UNINITIALIZED_AUTOS = YES_AGGRESSIVE;
				GCC_WARN_UNUSED_FUNCTION = YES;
				GCC_WARN_UNUSED_VARIABLE = YES;
				MACOSX_DEPLOYMENT_TARGET = 10.11;
				MTL_ENABLE_DEBUG_INFO = YES;
				ONLY_ACTIVE_ARCH = YES;
				SDKROOT = macosx;
			};
			name = Debug;
		};
		1A85186B1C4EE67F0002172F /* Release */ = {
			isa = XCBuildConfiguration;
			buildSettings = {
				ALWAYS_SEARCH_USER_PATHS = NO;
				CLANG_CXX_LANGUAGE_STANDARD = "gnu++0x";
				CLANG_CXX_LIBRARY = "libc++";
				CLANG_ENABLE_MODULES = YES;
				CLANG_ENABLE_OBJC_ARC = YES;
				CLANG_WARN_BOOL_CONVERSION = YES;
				CLANG_WARN_CONSTANT_CONVERSION = YES;
				CLANG_WARN_DIRECT_OBJC_ISA_USAGE = YES_ERROR;
				CLANG_WARN_EMPTY_BODY = YES;
				CLANG_WARN_ENUM_CONVERSION = YES;
				CLANG_WARN_INT_CONVERSION = YES;
				CLANG_WARN_OBJC_ROOT_CLASS = YES_ERROR;
				CLANG_WARN_UNREACHABLE_CODE = YES;
				CLANG_WARN__DUPLICATE_METHOD_MATCH = YES;
				CODE_SIGN_IDENTITY = "-";
				COPY_PHASE_STRIP = NO;
				DEBUG_INFORMATION_FORMAT = "dwarf-with-dsym";
				ENABLE_NS_ASSERTIONS = NO;
				ENABLE_STRICT_OBJC_MSGSEND = YES;
				GCC_C_LANGUAGE_STANDARD = gnu99;
				GCC_NO_COMMON_BLOCKS = YES;
				GCC_WARN_64_TO_32_BIT_CONVERSION = YES;
				GCC_WARN_ABOUT_RETURN_TYPE = YES_ERROR;
				GCC_WARN_UNDECLARED_SELECTOR = YES;
				GCC_WARN_UNINITIALIZED_AUTOS = YES_AGGRESSIVE;
				GCC_WARN_UNUSED_FUNCTION = YES;
				GCC_WARN_UNUSED_VARIABLE = YES;
				MACOSX_DEPLOYMENT_TARGET = 10.11;
				MTL_ENABLE_DEBUG_INFO = NO;
				SDKROOT = macosx;
			};
			name = Release;
		};
		1A85186D1C4EE67F0002172F /* Debug */ = {
			isa = XCBuildConfiguration;
			buildSettings = {
				PRODUCT_NAME = "$(TARGET_NAME)";
			};
			name = Debug;
		};
		1A85186E1C4EE67F0002172F /* Release */ = {
			isa = XCBuildConfiguration;
			buildSettings = {
				PRODUCT_NAME = "$(TARGET_NAME)";
			};
			name = Release;
		};
/* End XCBuildConfiguration section */

/* Begin XCConfigurationList section */
		1A8518601C4EE67F0002172F /* Build configuration list for PBXProject "Actividad1" */ = {
			isa = XCConfigurationList;
			buildConfigurations = (
				1A85186A1C4EE67F0002172F /* Debug */,
				1A85186B1C4EE67F0002172F /* Release */,
			);
			defaultConfigurationIsVisible = 0;
			defaultConfigurationName = Release;
		};
		1A85186C1C4EE67F0002172F /* Build configuration list for PBXNativeTarget "Actividad1" */ = {
			isa = XCConfigurationList;
			buildConfigurations = (
				1A85186D1C4EE67F0002172F /* Debug */,
				1A85186E1C4EE67F0002172F /* Release */,
			);
			defaultConfigurationIsVisible = 0;
		};
/* End XCConfigurationList section */
	};
	rootObject = 1A85185D1C4EE67F0002172F /* Project object */;
}
